
Microsoft Visual Studio Solution File, Format Version 12.00
Project("{FAE04EC0-301F-11D3-BF4B-00C04F79EFBC}") = "ProductClient.API", "ProductClient.API\ProductClient.API.csproj", "{C1E50D65-A006-46E1-8110-1913F94391E4}"
EndProject
Project("{FAE04EC0-301F-11D3-BF4B-00C04F79EFBC}") = "ProductClient.Communication", "ProductClient.Communication\ProductClient.Communication.csproj", "{1240F5AE-C660-4D45-BFAF-F4C2371515B6}"
EndProject
Project("{FAE04EC0-301F-11D3-BF4B-00C04F79EFBC}") = "ProductCliente.Exceptions", "ProductCliente.Exceptions\ProductCliente.Exceptions.csproj", "{7A677E68-BCE1-48A5-A252-986DFC9D8266}"
EndProject
Global
	GlobalSection(SolutionConfigurationPlatforms) = preSolution
		Debug|Any CPU = Debug|Any CPU
		Release|Any CPU = Release|Any CPU
	EndGlobalSection
	GlobalSection(ProjectConfigurationPlatforms) = postSolution
		{C1E50D65-A006-46E1-8110-1913F94391E4}.Debug|Any CPU.ActiveCfg = Debug|Any CPU
		{C1E50D65-A006-46E1-8110-1913F94391E4}.Debug|Any CPU.Build.0 = Debug|Any CPU
		{C1E50D65-A006-46E1-8110-1913F94391E4}.Release|Any CPU.ActiveCfg = Release|Any CPU
		{C1E50D65-A006-46E1-8110-1913F94391E4}.Release|Any CPU.Build.0 = Release|Any CPU
		{1240F5AE-C660-4D45-BFAF-F4C2371515B6}.Debug|Any CPU.ActiveCfg = Debug|Any CPU
		{1240F5AE-C660-4D45-BFAF-F4C2371515B6}.Debug|Any CPU.Build.0 = Debug|Any CPU
		{1240F5AE-C660-4D45-BFAF-F4C2371515B6}.Release|Any CPU.ActiveCfg = Release|Any CPU
		{1240F5AE-C660-4D45-BFAF-F4C2371515B6}.Release|Any CPU.Build.0 = Release|Any CPU
		{7A677E68-BCE1-48A5-A252-986DFC9D8266}.Debug|Any CPU.ActiveCfg = Debug|Any CPU
		{7A677E68-BCE1-48A5-A252-986DFC9D8266}.Debug|Any CPU.Build.0 = Debug|Any CPU
		{7A677E68-BCE1-48A5-A252-986DFC9D8266}.Release|Any CPU.ActiveCfg = Release|Any CPU
		{7A677E68-BCE1-48A5-A252-986DFC9D8266}.Release|Any CPU.Build.0 = Release|Any CPU
	EndGlobalSection
EndGlobal
