
Microsoft Visual Studio Solution File, Format Version 12.00
Project("{FAE04EC0-301F-11D3-BF4B-00C04F79EFBC}") = "ProductClient.API", "ProductClient.API\ProductClient.API.csproj", "{C1E50D65-A006-46E1-8110-1913F94391E4}"
EndProject
Project("{FAE04EC0-301F-11D3-BF4B-00C04F79EFBC}") = "ProductClient.Communication", "ProductClient.Communication\ProductClient.Communication.csproj", "{71ED31FC-F841-4634-881D-07B2B11679BA}"
EndProject
Project("{FAE04EC0-301F-11D3-BF4B-00C04F79EFBC}") = "ProductClient.Exceptions", "ProductClient.Exceptions\ProductClient.Exceptions.csproj", "{CA3B84B0-1C81-419F-8A04-EA39D50A14C8}"
EndProject
Global
	GlobalSection(SolutionConfigurationPlatforms) = preSolution
		Debug|Any CPU = Debug|Any CPU
		Release|Any CPU = Release|Any CPU
	EndGlobalSection
	GlobalSection(ProjectConfigurationPlatforms) = postSolution
		{C1E50D65-A006-46E1-8110-1913F94391E4}.Debug|Any CPU.ActiveCfg = Debug|Any CPU
		{C1E50D65-A006-46E1-8110-1913F94391E4}.Debug|Any CPU.Build.0 = Debug|Any CPU
		{C1E50D65-A006-46E1-8110-1913F94391E4}.Release|Any CPU.ActiveCfg = Release|Any CPU
		{C1E50D65-A006-46E1-8110-1913F94391E4}.Release|Any CPU.Build.0 = Release|Any CPU
		{71ED31FC-F841-4634-881D-07B2B11679BA}.Debug|Any CPU.ActiveCfg = Debug|Any CPU
		{71ED31FC-F841-4634-881D-07B2B11679BA}.Debug|Any CPU.Build.0 = Debug|Any CPU
		{71ED31FC-F841-4634-881D-07B2B11679BA}.Release|Any CPU.ActiveCfg = Release|Any CPU
		{71ED31FC-F841-4634-881D-07B2B11679BA}.Release|Any CPU.Build.0 = Release|Any CPU
		{CA3B84B0-1C81-419F-8A04-EA39D50A14C8}.Debug|Any CPU.ActiveCfg = Debug|Any CPU
		{CA3B84B0-1C81-419F-8A04-EA39D50A14C8}.Debug|Any CPU.Build.0 = Debug|Any CPU
		{CA3B84B0-1C81-419F-8A04-EA39D50A14C8}.Release|Any CPU.ActiveCfg = Release|Any CPU
		{CA3B84B0-1C81-419F-8A04-EA39D50A14C8}.Release|Any CPU.Build.0 = Release|Any CPU
	EndGlobalSection
EndGlobal
